
Microsoft Visual Studio Solution File, Format Version 12.00
# Visual Studio Version 17
VisualStudioVersion = 17.10.35013.160
MinimumVisualStudioVersion = 10.0.40219.1
Project("{FAE04EC0-301F-11D3-BF4B-00C04F79EFBC}") = "IronSoftConsoleApp", "IronSoftConsoleApp.csproj", "{EB3C10E5-BEF8-4F91-B9DA-959F2630FDC7}"
EndProject
Project("{FAE04EC0-301F-11D3-BF4B-00C04F79EFBC}") = "OldPhoneTests", "OldPhoneTests\OldPhoneTests.csproj", "{2B483C09-FA5C-4E2A-BF05-8E21B558875A}"
EndProject
Global
	GlobalSection(SolutionConfigurationPlatforms) = preSolution
		Debug|Any CPU = Debug|Any CPU
		Release|Any CPU = Release|Any CPU
	EndGlobalSection
	GlobalSection(ProjectConfigurationPlatforms) = postSolution
		{EB3C10E5-BEF8-4F91-B9DA-959F2630FDC7}.Debug|Any CPU.ActiveCfg = Debug|Any CPU
		{EB3C10E5-BEF8-4F91-B9DA-959F2630FDC7}.Debug|Any CPU.Build.0 = Debug|Any CPU
		{EB3C10E5-BEF8-4F91-B9DA-959F2630FDC7}.Release|Any CPU.ActiveCfg = Release|Any CPU
		{EB3C10E5-BEF8-4F91-B9DA-959F2630FDC7}.Release|Any CPU.Build.0 = Release|Any CPU
		{2B483C09-FA5C-4E2A-BF05-8E21B558875A}.Debug|Any CPU.ActiveCfg = Debug|Any CPU
		{2B483C09-FA5C-4E2A-BF05-8E21B558875A}.Debug|Any CPU.Build.0 = Debug|Any CPU
		{2B483C09-FA5C-4E2A-BF05-8E21B558875A}.Release|Any CPU.ActiveCfg = Release|Any CPU
		{2B483C09-FA5C-4E2A-BF05-8E21B558875A}.Release|Any CPU.Build.0 = Release|Any CPU
	EndGlobalSection
	GlobalSection(SolutionProperties) = preSolution
		HideSolutionNode = FALSE
	EndGlobalSection
	GlobalSection(ExtensibilityGlobals) = postSolution
		SolutionGuid = {28984CCC-3AAC-45C5-A738-3D05BA818694}
	EndGlobalSection
EndGlobal
